<?xml version="1.0" encoding="UTF-8" standalone="yes" ?>
<CodeBlocks_project_file>
	<FileVersion major="1" minor="6" />
	<Project>
		<Option title="KrampusHack2018" />
		<Option pch_mode="2" />
		<Option compiler="gcc" />
		<Build>
			<Target title="Debug">
				<Option output="cbbuild/bin/KrampusKartD" prefix_auto="1" extension_auto="1" />
				<Option working_dir="cbbuild/bin" />
				<Option object_output="cbbuild/obj/Debug/" />
				<Option type="1" />
				<Option compiler="gcc" />
				<Compiler>
					<Add option="-g" />
				</Compiler>
				<Linker>
					<Add option="-lallegro_monolith-debug.dll" />
				</Linker>
			</Target>
			<Target title="Release">
				<Option output="cbbuild/bin/KrampusKart" prefix_auto="1" extension_auto="1" />
				<Option working_dir="cbbuild/bin" />
				<Option object_output="cbbuild/obj/Release/" />
				<Option type="1" />
				<Option compiler="gcc" />
				<Compiler>
					<Add option="-O2" />
				</Compiler>
				<Linker>
					<Add option="-s" />
					<Add option="-lallegro_monoilith.dll" />
				</Linker>
			</Target>
		</Build>
		<Compiler>
			<Add option="-Wall" />
			<Add directory="include" />
			<Add directory="Allegro524/include" />
		</Compiler>
		<Linker>
			<Add directory="cbbuild/lib" />
			<Add directory="Allegro524/lib" />
		</Linker>
		<Unit filename="KrampusKart.cpp" />
		<Unit filename="cbbuild/bin/data/Track1.txt" />
		<Unit filename="include/BasicAllegro.hpp" />
		<Unit filename="include/Camera.hpp" />
		<Unit filename="include/Editor.hpp" />
		<Unit filename="include/Intro.hpp" />
		<Unit filename="include/Move.hpp" />
		<Unit filename="include/Orient.hpp" />
		<Unit filename="include/Parametric.hpp" />
		<Unit filename="include/Path.hpp" />
		<Unit filename="include/Prism.hpp" />
		<Unit filename="include/Scene.hpp" />
		<Unit filename="include/SpatialInfo.hpp" />
		<Unit filename="include/Track.hpp" />
		<Unit filename="include/TrackGen.hpp" />
		<Unit filename="include/Vec3.hpp" />
		<Unit filename="src/BasicAllegro.cpp" />
		<Unit filename="src/Camera.cpp" />
		<Unit filename="src/Editor.cpp" />
		<Unit filename="src/Intro.cpp" />
		<Unit filename="src/Move.cpp" />
		<Unit filename="src/Orient.cpp" />
		<Unit filename="src/Parametric.cpp" />
		<Unit filename="src/Path.cpp" />
		<Unit filename="src/Prism.cpp" />
		<Unit filename="src/Scene.cpp" />
		<Unit filename="src/SpatialInfo.cpp" />
		<Unit filename="src/TracGens.cpp" />
		<Unit filename="src/Track.cpp" />
		<Unit filename="src/Vec3.cpp" />
		<Extensions>
			<code_completion />
			<envvars />
			<debugger />
			<lib_finder disable_auto="1" />
		</Extensions>
	</Project>
</CodeBlocks_project_file>
